
Microsoft Visual Studio Solution File, Format Version 12.00
# Visual Studio Version 17
VisualStudioVersion = 17.0.31423.177
MinimumVisualStudioVersion = 10.0.40219.1
Project("{FAE04EC0-301F-11D3-BF4B-00C04F79EFBC}") = "keyboard-emulator", "keyboard-emulator.csproj", "{2CE51AC3-BCB7-40EA-B1B7-C0706561DE62}"
EndProject
Project("{FAE04EC0-301F-11D3-BF4B-00C04F79EFBC}") = "message-spammer", "..\message-spammer\message-spammer.csproj", "{46E07879-DD3C-49AF-B487-4FA0581295F8}"
EndProject
Global
	GlobalSection(SolutionConfigurationPlatforms) = preSolution
		Debug|Any CPU = Debug|Any CPU
		Release|Any CPU = Release|Any CPU
	EndGlobalSection
	GlobalSection(ProjectConfigurationPlatforms) = postSolution
		{2CE51AC3-BCB7-40EA-B1B7-C0706561DE62}.Debug|Any CPU.ActiveCfg = Debug|Any CPU
		{2CE51AC3-BCB7-40EA-B1B7-C0706561DE62}.Debug|Any CPU.Build.0 = Debug|Any CPU
		{2CE51AC3-BCB7-40EA-B1B7-C0706561DE62}.Release|Any CPU.ActiveCfg = Release|Any CPU
		{2CE51AC3-BCB7-40EA-B1B7-C0706561DE62}.Release|Any CPU.Build.0 = Release|Any CPU
		{46E07879-DD3C-49AF-B487-4FA0581295F8}.Debug|Any CPU.ActiveCfg = Debug|Any CPU
		{46E07879-DD3C-49AF-B487-4FA0581295F8}.Debug|Any CPU.Build.0 = Debug|Any CPU
		{46E07879-DD3C-49AF-B487-4FA0581295F8}.Release|Any CPU.ActiveCfg = Release|Any CPU
		{46E07879-DD3C-49AF-B487-4FA0581295F8}.Release|Any CPU.Build.0 = Release|Any CPU
	EndGlobalSection
	GlobalSection(SolutionProperties) = preSolution
		HideSolutionNode = FALSE
	EndGlobalSection
	GlobalSection(ExtensibilityGlobals) = postSolution
		SolutionGuid = {02DB0990-FFC7-48A0-899A-1A97F8F8AEB2}
	EndGlobalSection
EndGlobal
